
Microsoft Visual Studio Solution File, Format Version 12.00
# Visual Studio Version 16
VisualStudioVersion = 16.0.30320.27
MinimumVisualStudioVersion = 10.0.40219.1
Project("{FAE04EC0-301F-11D3-BF4B-00C04F79EFBC}") = "JWT", "JWT\JWT.csproj", "{CF377DEA-4D9A-4D25-8B3D-CA538A88E5BF}"
EndProject
Global
	GlobalSection(SolutionConfigurationPlatforms) = preSolution
		Debug|Any CPU = Debug|Any CPU
		Release|Any CPU = Release|Any CPU
	EndGlobalSection
	GlobalSection(ProjectConfigurationPlatforms) = postSolution
		{CF377DEA-4D9A-4D25-8B3D-CA538A88E5BF}.Debug|Any CPU.ActiveCfg = Debug|Any CPU
		{CF377DEA-4D9A-4D25-8B3D-CA538A88E5BF}.Debug|Any CPU.Build.0 = Debug|Any CPU
		{CF377DEA-4D9A-4D25-8B3D-CA538A88E5BF}.Release|Any CPU.ActiveCfg = Release|Any CPU
		{CF377DEA-4D9A-4D25-8B3D-CA538A88E5BF}.Release|Any CPU.Build.0 = Release|Any CPU
	EndGlobalSection
	GlobalSection(SolutionProperties) = preSolution
		HideSolutionNode = FALSE
	EndGlobalSection
	GlobalSection(ExtensibilityGlobals) = postSolution
		SolutionGuid = {9DB11C2F-2BDC-4E77-8141-ED26B4F52663}
	EndGlobalSection
EndGlobal
